
Microsoft Visual Studio Solution File, Format Version 12.00
# Visual Studio 15
VisualStudioVersion = 15.0.27130.2027
MinimumVisualStudioVersion = 10.0.40219.1
Project("{FAE04EC0-301F-11D3-BF4B-00C04F79EFBC}") = "TestApp.Android", "TestApp\TestApp.Android\TestApp.Android.csproj", "{F7B0BB36-6696-420C-A303-8DD41CA755F7}"
EndProject
Project("{FAE04EC0-301F-11D3-BF4B-00C04F79EFBC}") = "TestApp.iOS", "TestApp\TestApp.iOS\TestApp.iOS.csproj", "{A73E8536-7DF8-4779-AF85-1C24CFE56F1D}"
EndProject
Project("{FAE04EC0-301F-11D3-BF4B-00C04F79EFBC}") = "TestApp.UWP", "TestApp\TestApp.UWP\TestApp.UWP.csproj", "{59A6488E-1337-4928-83A9-4335E326C384}"
EndProject
Project("{9A19103F-16F7-4668-BE54-9A1E7A4F7556}") = "TestApp", "TestApp\TestApp\TestApp.csproj", "{12E97681-5EB1-43F2-A537-D1ED2C1985C9}"
EndProject
Project("{9A19103F-16F7-4668-BE54-9A1E7A4F7556}") = "TestServer", "TestServer\TestServer.csproj", "{1FFE113A-9F21-4A5F-AAF5-C340522F563E}"
EndProject
Project("{9A19103F-16F7-4668-BE54-9A1E7A4F7556}") = "BlindindScheme", "BlindindScheme\BlindindScheme.csproj", "{1F1C4834-0296-4E69-8BBB-889E59AC2323}"
EndProject
Project("{9A19103F-16F7-4668-BE54-9A1E7A4F7556}") = "BlindChatCore", "BlindChatCore\BlindChatCore.csproj", "{BE77E1F3-A281-4EB2-BFF1-AABC0ACCC889}"
EndProject
Project("{9A19103F-16F7-4668-BE54-9A1E7A4F7556}") = "ConsoleApp1", "ConsoleApp1\ConsoleApp1.csproj", "{7F4D4A83-61D1-4A99-8D3A-CCA3AFD7AF72}"
	ProjectSection(ProjectDependencies) = postProject
		{8F160B9E-7841-42E0-89D3-575D88AD41BD} = {8F160B9E-7841-42E0-89D3-575D88AD41BD}
	EndProjectSection
EndProject
Project("{FAE04EC0-301F-11D3-BF4B-00C04F79EFBC}") = "BlindChat.Infrastructure", "BlindChat.Infrastructure\BlindChat.Infrastructure.csproj", "{8F160B9E-7841-42E0-89D3-575D88AD41BD}"
EndProject
Project("{FAE04EC0-301F-11D3-BF4B-00C04F79EFBC}") = "BankCoin", "BankCoin\BankCoin.csproj", "{1379336B-5CD6-4689-80E6-6A5B9DCD42AA}"
EndProject
Project("{FAE04EC0-301F-11D3-BF4B-00C04F79EFBC}") = "ClientApp", "ClientApp\ClientApp.csproj", "{2238E5E2-8C26-4118-96B8-CE6889248B45}"
EndProject
Global
	GlobalSection(SolutionConfigurationPlatforms) = preSolution
		Ad-Hoc|Any CPU = Ad-Hoc|Any CPU
		Ad-Hoc|ARM = Ad-Hoc|ARM
		Ad-Hoc|iPhone = Ad-Hoc|iPhone
		Ad-Hoc|iPhoneSimulator = Ad-Hoc|iPhoneSimulator
		Ad-Hoc|x64 = Ad-Hoc|x64
		Ad-Hoc|x86 = Ad-Hoc|x86
		AppStore|Any CPU = AppStore|Any CPU
		AppStore|ARM = AppStore|ARM
		AppStore|iPhone = AppStore|iPhone
		AppStore|iPhoneSimulator = AppStore|iPhoneSimulator
		AppStore|x64 = AppStore|x64
		AppStore|x86 = AppStore|x86
		Debug|Any CPU = Debug|Any CPU
		Debug|ARM = Debug|ARM
		Debug|iPhone = Debug|iPhone
		Debug|iPhoneSimulator = Debug|iPhoneSimulator
		Debug|x64 = Debug|x64
		Debug|x86 = Debug|x86
		Release|Any CPU = Release|Any CPU
		Release|ARM = Release|ARM
		Release|iPhone = Release|iPhone
		Release|iPhoneSimulator = Release|iPhoneSimulator
		Release|x64 = Release|x64
		Release|x86 = Release|x86
	EndGlobalSection
	GlobalSection(ProjectConfigurationPlatforms) = postSolution
		{F7B0BB36-6696-420C-A303-8DD41CA755F7}.Ad-Hoc|Any CPU.ActiveCfg = Release|Any CPU
		{F7B0BB36-6696-420C-A303-8DD41CA755F7}.Ad-Hoc|Any CPU.Build.0 = Release|Any CPU
		{F7B0BB36-6696-420C-A303-8DD41CA755F7}.Ad-Hoc|Any CPU.Deploy.0 = Release|Any CPU
		{F7B0BB36-6696-420C-A303-8DD41CA755F7}.Ad-Hoc|ARM.ActiveCfg = Release|Any CPU
		{F7B0BB36-6696-420C-A303-8DD41CA755F7}.Ad-Hoc|ARM.Build.0 = Release|Any CPU
		{F7B0BB36-6696-420C-A303-8DD41CA755F7}.Ad-Hoc|ARM.Deploy.0 = Release|Any CPU
		{F7B0BB36-6696-420C-A303-8DD41CA755F7}.Ad-Hoc|iPhone.ActiveCfg = Release|Any CPU
		{F7B0BB36-6696-420C-A303-8DD41CA755F7}.Ad-Hoc|iPhone.Build.0 = Release|Any CPU
		{F7B0BB36-6696-420C-A303-8DD41CA755F7}.Ad-Hoc|iPhone.Deploy.0 = Release|Any CPU
		{F7B0BB36-6696-420C-A303-8DD41CA755F7}.Ad-Hoc|iPhoneSimulator.ActiveCfg = Release|Any CPU
		{F7B0BB36-6696-420C-A303-8DD41CA755F7}.Ad-Hoc|iPhoneSimulator.Build.0 = Release|Any CPU
		{F7B0BB36-6696-420C-A303-8DD41CA755F7}.Ad-Hoc|iPhoneSimulator.Deploy.0 = Release|Any CPU
		{F7B0BB36-6696-420C-A303-8DD41CA755F7}.Ad-Hoc|x64.ActiveCfg = Release|Any CPU
		{F7B0BB36-6696-420C-A303-8DD41CA755F7}.Ad-Hoc|x64.Build.0 = Release|Any CPU
		{F7B0BB36-6696-420C-A303-8DD41CA755F7}.Ad-Hoc|x64.Deploy.0 = Release|Any CPU
		{F7B0BB36-6696-420C-A303-8DD41CA755F7}.Ad-Hoc|x86.ActiveCfg = Release|Any CPU
		{F7B0BB36-6696-420C-A303-8DD41CA755F7}.Ad-Hoc|x86.Build.0 = Release|Any CPU
		{F7B0BB36-6696-420C-A303-8DD41CA755F7}.Ad-Hoc|x86.Deploy.0 = Release|Any CPU
		{F7B0BB36-6696-420C-A303-8DD41CA755F7}.AppStore|Any CPU.ActiveCfg = Release|Any CPU
		{F7B0BB36-6696-420C-A303-8DD41CA755F7}.AppStore|Any CPU.Build.0 = Release|Any CPU
		{F7B0BB36-6696-420C-A303-8DD41CA755F7}.AppStore|Any CPU.Deploy.0 = Release|Any CPU
		{F7B0BB36-6696-420C-A303-8DD41CA755F7}.AppStore|ARM.ActiveCfg = Release|Any CPU
		{F7B0BB36-6696-420C-A303-8DD41CA755F7}.AppStore|ARM.Build.0 = Release|Any CPU
		{F7B0BB36-6696-420C-A303-8DD41CA755F7}.AppStore|ARM.Deploy.0 = Release|Any CPU
		{F7B0BB36-6696-420C-A303-8DD41CA755F7}.AppStore|iPhone.ActiveCfg = Release|Any CPU
		{F7B0BB36-6696-420C-A303-8DD41CA755F7}.AppStore|iPhone.Build.0 = Release|Any CPU
		{F7B0BB36-6696-420C-A303-8DD41CA755F7}.AppStore|iPhone.Deploy.0 = Release|Any CPU
		{F7B0BB36-6696-420C-A303-8DD41CA755F7}.AppStore|iPhoneSimulator.ActiveCfg = Release|Any CPU
		{F7B0BB36-6696-420C-A303-8DD41CA755F7}.AppStore|iPhoneSimulator.Build.0 = Release|Any CPU
		{F7B0BB36-6696-420C-A303-8DD41CA755F7}.AppStore|iPhoneSimulator.Deploy.0 = Release|Any CPU
		{F7B0BB36-6696-420C-A303-8DD41CA755F7}.AppStore|x64.ActiveCfg = Release|Any CPU
		{F7B0BB36-6696-420C-A303-8DD41CA755F7}.AppStore|x64.Build.0 = Release|Any CPU
		{F7B0BB36-6696-420C-A303-8DD41CA755F7}.AppStore|x64.Deploy.0 = Release|Any CPU
		{F7B0BB36-6696-420C-A303-8DD41CA755F7}.AppStore|x86.ActiveCfg = Release|Any CPU
		{F7B0BB36-6696-420C-A303-8DD41CA755F7}.AppStore|x86.Build.0 = Release|Any CPU
		{F7B0BB36-6696-420C-A303-8DD41CA755F7}.AppStore|x86.Deploy.0 = Release|Any CPU
		{F7B0BB36-6696-420C-A303-8DD41CA755F7}.Debug|Any CPU.ActiveCfg = Debug|Any CPU
		{F7B0BB36-6696-420C-A303-8DD41CA755F7}.Debug|Any CPU.Build.0 = Debug|Any CPU
		{F7B0BB36-6696-420C-A303-8DD41CA755F7}.Debug|Any CPU.Deploy.0 = Debug|Any CPU
		{F7B0BB36-6696-420C-A303-8DD41CA755F7}.Debug|ARM.ActiveCfg = Debug|Any CPU
		{F7B0BB36-6696-420C-A303-8DD41CA755F7}.Debug|ARM.Build.0 = Debug|Any CPU
		{F7B0BB36-6696-420C-A303-8DD41CA755F7}.Debug|ARM.Deploy.0 = Debug|Any CPU
		{F7B0BB36-6696-420C-A303-8DD41CA755F7}.Debug|iPhone.ActiveCfg = Debug|Any CPU
		{F7B0BB36-6696-420C-A303-8DD41CA755F7}.Debug|iPhone.Build.0 = Debug|Any CPU
		{F7B0BB36-6696-420C-A303-8DD41CA755F7}.Debug|iPhone.Deploy.0 = Debug|Any CPU
		{F7B0BB36-6696-420C-A303-8DD41CA755F7}.Debug|iPhoneSimulator.ActiveCfg = Debug|Any CPU
		{F7B0BB36-6696-420C-A303-8DD41CA755F7}.Debug|iPhoneSimulator.Build.0 = Debug|Any CPU
		{F7B0BB36-6696-420C-A303-8DD41CA755F7}.Debug|iPhoneSimulator.Deploy.0 = Debug|Any CPU
		{F7B0BB36-6696-420C-A303-8DD41CA755F7}.Debug|x64.ActiveCfg = Debug|Any CPU
		{F7B0BB36-6696-420C-A303-8DD41CA755F7}.Debug|x64.Build.0 = Debug|Any CPU
		{F7B0BB36-6696-420C-A303-8DD41CA755F7}.Debug|x64.Deploy.0 = Debug|Any CPU
		{F7B0BB36-6696-420C-A303-8DD41CA755F7}.Debug|x86.ActiveCfg = Debug|Any CPU
		{F7B0BB36-6696-420C-A303-8DD41CA755F7}.Debug|x86.Build.0 = Debug|Any CPU
		{F7B0BB36-6696-420C-A303-8DD41CA755F7}.Debug|x86.Deploy.0 = Debug|Any CPU
		{F7B0BB36-6696-420C-A303-8DD41CA755F7}.Release|Any CPU.ActiveCfg = Release|Any CPU
		{F7B0BB36-6696-420C-A303-8DD41CA755F7}.Release|Any CPU.Build.0 = Release|Any CPU
		{F7B0BB36-6696-420C-A303-8DD41CA755F7}.Release|Any CPU.Deploy.0 = Release|Any CPU
		{F7B0BB36-6696-420C-A303-8DD41CA755F7}.Release|ARM.ActiveCfg = Release|Any CPU
		{F7B0BB36-6696-420C-A303-8DD41CA755F7}.Release|ARM.Build.0 = Release|Any CPU
		{F7B0BB36-6696-420C-A303-8DD41CA755F7}.Release|ARM.Deploy.0 = Release|Any CPU
		{F7B0BB36-6696-420C-A303-8DD41CA755F7}.Release|iPhone.ActiveCfg = Release|Any CPU
		{F7B0BB36-6696-420C-A303-8DD41CA755F7}.Release|iPhone.Build.0 = Release|Any CPU
		{F7B0BB36-6696-420C-A303-8DD41CA755F7}.Release|iPhone.Deploy.0 = Release|Any CPU
		{F7B0BB36-6696-420C-A303-8DD41CA755F7}.Release|iPhoneSimulator.ActiveCfg = Release|Any CPU
		{F7B0BB36-6696-420C-A303-8DD41CA755F7}.Release|iPhoneSimulator.Build.0 = Release|Any CPU
		{F7B0BB36-6696-420C-A303-8DD41CA755F7}.Release|iPhoneSimulator.Deploy.0 = Release|Any CPU
		{F7B0BB36-6696-420C-A303-8DD41CA755F7}.Release|x64.ActiveCfg = Release|Any CPU
		{F7B0BB36-6696-420C-A303-8DD41CA755F7}.Release|x64.Build.0 = Release|Any CPU
		{F7B0BB36-6696-420C-A303-8DD41CA755F7}.Release|x64.Deploy.0 = Release|Any CPU
		{F7B0BB36-6696-420C-A303-8DD41CA755F7}.Release|x86.ActiveCfg = Release|Any CPU
		{F7B0BB36-6696-420C-A303-8DD41CA755F7}.Release|x86.Build.0 = Release|Any CPU
		{F7B0BB36-6696-420C-A303-8DD41CA755F7}.Release|x86.Deploy.0 = Release|Any CPU
		{A73E8536-7DF8-4779-AF85-1C24CFE56F1D}.Ad-Hoc|Any CPU.ActiveCfg = Ad-Hoc|iPhone
		{A73E8536-7DF8-4779-AF85-1C24CFE56F1D}.Ad-Hoc|ARM.ActiveCfg = Ad-Hoc|iPhone
		{A73E8536-7DF8-4779-AF85-1C24CFE56F1D}.Ad-Hoc|iPhone.ActiveCfg = Ad-Hoc|iPhone
		{A73E8536-7DF8-4779-AF85-1C24CFE56F1D}.Ad-Hoc|iPhone.Build.0 = Ad-Hoc|iPhone
		{A73E8536-7DF8-4779-AF85-1C24CFE56F1D}.Ad-Hoc|iPhoneSimulator.ActiveCfg = Ad-Hoc|iPhoneSimulator
		{A73E8536-7DF8-4779-AF85-1C24CFE56F1D}.Ad-Hoc|iPhoneSimulator.Build.0 = Ad-Hoc|iPhoneSimulator
		{A73E8536-7DF8-4779-AF85-1C24CFE56F1D}.Ad-Hoc|x64.ActiveCfg = Ad-Hoc|iPhone
		{A73E8536-7DF8-4779-AF85-1C24CFE56F1D}.Ad-Hoc|x86.ActiveCfg = Ad-Hoc|iPhone
		{A73E8536-7DF8-4779-AF85-1C24CFE56F1D}.AppStore|Any CPU.ActiveCfg = AppStore|iPhone
		{A73E8536-7DF8-4779-AF85-1C24CFE56F1D}.AppStore|ARM.ActiveCfg = AppStore|iPhone
		{A73E8536-7DF8-4779-AF85-1C24CFE56F1D}.AppStore|iPhone.ActiveCfg = AppStore|iPhone
		{A73E8536-7DF8-4779-AF85-1C24CFE56F1D}.AppStore|iPhone.Build.0 = AppStore|iPhone
		{A73E8536-7DF8-4779-AF85-1C24CFE56F1D}.AppStore|iPhoneSimulator.ActiveCfg = AppStore|iPhoneSimulator
		{A73E8536-7DF8-4779-AF85-1C24CFE56F1D}.AppStore|iPhoneSimulator.Build.0 = AppStore|iPhoneSimulator
		{A73E8536-7DF8-4779-AF85-1C24CFE56F1D}.AppStore|x64.ActiveCfg = AppStore|iPhone
		{A73E8536-7DF8-4779-AF85-1C24CFE56F1D}.AppStore|x86.ActiveCfg = AppStore|iPhone
		{A73E8536-7DF8-4779-AF85-1C24CFE56F1D}.Debug|Any CPU.ActiveCfg = Debug|iPhone
		{A73E8536-7DF8-4779-AF85-1C24CFE56F1D}.Debug|ARM.ActiveCfg = Debug|iPhone
		{A73E8536-7DF8-4779-AF85-1C24CFE56F1D}.Debug|iPhone.ActiveCfg = Debug|iPhone
		{A73E8536-7DF8-4779-AF85-1C24CFE56F1D}.Debug|iPhone.Build.0 = Debug|iPhone
		{A73E8536-7DF8-4779-AF85-1C24CFE56F1D}.Debug|iPhoneSimulator.ActiveCfg = Debug|iPhoneSimulator
		{A73E8536-7DF8-4779-AF85-1C24CFE56F1D}.Debug|iPhoneSimulator.Build.0 = Debug|iPhoneSimulator
		{A73E8536-7DF8-4779-AF85-1C24CFE56F1D}.Debug|x64.ActiveCfg = Debug|iPhone
		{A73E8536-7DF8-4779-AF85-1C24CFE56F1D}.Debug|x86.ActiveCfg = Debug|iPhone
		{A73E8536-7DF8-4779-AF85-1C24CFE56F1D}.Release|Any CPU.ActiveCfg = Release|iPhone
		{A73E8536-7DF8-4779-AF85-1C24CFE56F1D}.Release|ARM.ActiveCfg = Release|iPhone
		{A73E8536-7DF8-4779-AF85-1C24CFE56F1D}.Release|iPhone.ActiveCfg = Release|iPhone
		{A73E8536-7DF8-4779-AF85-1C24CFE56F1D}.Release|iPhone.Build.0 = Release|iPhone
		{A73E8536-7DF8-4779-AF85-1C24CFE56F1D}.Release|iPhoneSimulator.ActiveCfg = Release|iPhoneSimulator
		{A73E8536-7DF8-4779-AF85-1C24CFE56F1D}.Release|iPhoneSimulator.Build.0 = Release|iPhoneSimulator
		{A73E8536-7DF8-4779-AF85-1C24CFE56F1D}.Release|x64.ActiveCfg = Release|iPhone
		{A73E8536-7DF8-4779-AF85-1C24CFE56F1D}.Release|x86.ActiveCfg = Release|iPhone
		{59A6488E-1337-4928-83A9-4335E326C384}.Ad-Hoc|Any CPU.ActiveCfg = Release|x86
		{59A6488E-1337-4928-83A9-4335E326C384}.Ad-Hoc|Any CPU.Build.0 = Release|x86
		{59A6488E-1337-4928-83A9-4335E326C384}.Ad-Hoc|Any CPU.Deploy.0 = Release|x86
		{59A6488E-1337-4928-83A9-4335E326C384}.Ad-Hoc|ARM.ActiveCfg = Release|ARM
		{59A6488E-1337-4928-83A9-4335E326C384}.Ad-Hoc|ARM.Build.0 = Release|ARM
		{59A6488E-1337-4928-83A9-4335E326C384}.Ad-Hoc|ARM.Deploy.0 = Release|ARM
		{59A6488E-1337-4928-83A9-4335E326C384}.Ad-Hoc|iPhone.ActiveCfg = Release|x86
		{59A6488E-1337-4928-83A9-4335E326C384}.Ad-Hoc|iPhone.Build.0 = Release|x86
		{59A6488E-1337-4928-83A9-4335E326C384}.Ad-Hoc|iPhone.Deploy.0 = Release|x86
		{59A6488E-1337-4928-83A9-4335E326C384}.Ad-Hoc|iPhoneSimulator.ActiveCfg = Release|x86
		{59A6488E-1337-4928-83A9-4335E326C384}.Ad-Hoc|iPhoneSimulator.Build.0 = Release|x86
		{59A6488E-1337-4928-83A9-4335E326C384}.Ad-Hoc|iPhoneSimulator.Deploy.0 = Release|x86
		{59A6488E-1337-4928-83A9-4335E326C384}.Ad-Hoc|x64.ActiveCfg = Release|x64
		{59A6488E-1337-4928-83A9-4335E326C384}.Ad-Hoc|x64.Build.0 = Release|x64
		{59A6488E-1337-4928-83A9-4335E326C384}.Ad-Hoc|x64.Deploy.0 = Release|x64
		{59A6488E-1337-4928-83A9-4335E326C384}.Ad-Hoc|x86.ActiveCfg = Release|x86
		{59A6488E-1337-4928-83A9-4335E326C384}.Ad-Hoc|x86.Build.0 = Release|x86
		{59A6488E-1337-4928-83A9-4335E326C384}.Ad-Hoc|x86.Deploy.0 = Release|x86
		{59A6488E-1337-4928-83A9-4335E326C384}.AppStore|Any CPU.ActiveCfg = Release|x86
		{59A6488E-1337-4928-83A9-4335E326C384}.AppStore|Any CPU.Build.0 = Release|x86
		{59A6488E-1337-4928-83A9-4335E326C384}.AppStore|Any CPU.Deploy.0 = Release|x86
		{59A6488E-1337-4928-83A9-4335E326C384}.AppStore|ARM.ActiveCfg = Release|ARM
		{59A6488E-1337-4928-83A9-4335E326C384}.AppStore|ARM.Build.0 = Release|ARM
		{59A6488E-1337-4928-83A9-4335E326C384}.AppStore|ARM.Deploy.0 = Release|ARM
		{59A6488E-1337-4928-83A9-4335E326C384}.AppStore|iPhone.ActiveCfg = Release|x86
		{59A6488E-1337-4928-83A9-4335E326C384}.AppStore|iPhone.Build.0 = Release|x86
		{59A6488E-1337-4928-83A9-4335E326C384}.AppStore|iPhone.Deploy.0 = Release|x86
		{59A6488E-1337-4928-83A9-4335E326C384}.AppStore|iPhoneSimulator.ActiveCfg = Release|x86
		{59A6488E-1337-4928-83A9-4335E326C384}.AppStore|iPhoneSimulator.Build.0 = Release|x86
		{59A6488E-1337-4928-83A9-4335E326C384}.AppStore|iPhoneSimulator.Deploy.0 = Release|x86
		{59A6488E-1337-4928-83A9-4335E326C384}.AppStore|x64.ActiveCfg = Release|x64
		{59A6488E-1337-4928-83A9-4335E326C384}.AppStore|x64.Build.0 = Release|x64
		{59A6488E-1337-4928-83A9-4335E326C384}.AppStore|x64.Deploy.0 = Release|x64
		{59A6488E-1337-4928-83A9-4335E326C384}.AppStore|x86.ActiveCfg = Release|x86
		{59A6488E-1337-4928-83A9-4335E326C384}.AppStore|x86.Build.0 = Release|x86
		{59A6488E-1337-4928-83A9-4335E326C384}.AppStore|x86.Deploy.0 = Release|x86
		{59A6488E-1337-4928-83A9-4335E326C384}.Debug|Any CPU.ActiveCfg = Debug|x86
		{59A6488E-1337-4928-83A9-4335E326C384}.Debug|ARM.ActiveCfg = Debug|ARM
		{59A6488E-1337-4928-83A9-4335E326C384}.Debug|ARM.Build.0 = Debug|ARM
		{59A6488E-1337-4928-83A9-4335E326C384}.Debug|ARM.Deploy.0 = Debug|ARM
		{59A6488E-1337-4928-83A9-4335E326C384}.Debug|iPhone.ActiveCfg = Debug|x86
		{59A6488E-1337-4928-83A9-4335E326C384}.Debug|iPhoneSimulator.ActiveCfg = Debug|x86
		{59A6488E-1337-4928-83A9-4335E326C384}.Debug|x64.ActiveCfg = Debug|x64
		{59A6488E-1337-4928-83A9-4335E326C384}.Debug|x64.Build.0 = Debug|x64
		{59A6488E-1337-4928-83A9-4335E326C384}.Debug|x64.Deploy.0 = Debug|x64
		{59A6488E-1337-4928-83A9-4335E326C384}.Debug|x86.ActiveCfg = Debug|x86
		{59A6488E-1337-4928-83A9-4335E326C384}.Debug|x86.Build.0 = Debug|x86
		{59A6488E-1337-4928-83A9-4335E326C384}.Debug|x86.Deploy.0 = Debug|x86
		{59A6488E-1337-4928-83A9-4335E326C384}.Release|Any CPU.ActiveCfg = Release|x86
		{59A6488E-1337-4928-83A9-4335E326C384}.Release|ARM.ActiveCfg = Release|ARM
		{59A6488E-1337-4928-83A9-4335E326C384}.Release|ARM.Build.0 = Release|ARM
		{59A6488E-1337-4928-83A9-4335E326C384}.Release|ARM.Deploy.0 = Release|ARM
		{59A6488E-1337-4928-83A9-4335E326C384}.Release|iPhone.ActiveCfg = Release|x86
		{59A6488E-1337-4928-83A9-4335E326C384}.Release|iPhoneSimulator.ActiveCfg = Release|x86
		{59A6488E-1337-4928-83A9-4335E326C384}.Release|x64.ActiveCfg = Release|x64
		{59A6488E-1337-4928-83A9-4335E326C384}.Release|x64.Build.0 = Release|x64
		{59A6488E-1337-4928-83A9-4335E326C384}.Release|x64.Deploy.0 = Release|x64
		{59A6488E-1337-4928-83A9-4335E326C384}.Release|x86.ActiveCfg = Release|x86
		{59A6488E-1337-4928-83A9-4335E326C384}.Release|x86.Build.0 = Release|x86
		{59A6488E-1337-4928-83A9-4335E326C384}.Release|x86.Deploy.0 = Release|x86
		{12E97681-5EB1-43F2-A537-D1ED2C1985C9}.Ad-Hoc|Any CPU.ActiveCfg = Debug|Any CPU
		{12E97681-5EB1-43F2-A537-D1ED2C1985C9}.Ad-Hoc|Any CPU.Build.0 = Debug|Any CPU
		{12E97681-5EB1-43F2-A537-D1ED2C1985C9}.Ad-Hoc|ARM.ActiveCfg = Debug|Any CPU
		{12E97681-5EB1-43F2-A537-D1ED2C1985C9}.Ad-Hoc|ARM.Build.0 = Debug|Any CPU
		{12E97681-5EB1-43F2-A537-D1ED2C1985C9}.Ad-Hoc|iPhone.ActiveCfg = Debug|Any CPU
		{12E97681-5EB1-43F2-A537-D1ED2C1985C9}.Ad-Hoc|iPhone.Build.0 = Debug|Any CPU
		{12E97681-5EB1-43F2-A537-D1ED2C1985C9}.Ad-Hoc|iPhoneSimulator.ActiveCfg = Debug|Any CPU
		{12E97681-5EB1-43F2-A537-D1ED2C1985C9}.Ad-Hoc|iPhoneSimulator.Build.0 = Debug|Any CPU
		{12E97681-5EB1-43F2-A537-D1ED2C1985C9}.Ad-Hoc|x64.ActiveCfg = Debug|Any CPU
		{12E97681-5EB1-43F2-A537-D1ED2C1985C9}.Ad-Hoc|x64.Build.0 = Debug|Any CPU
		{12E97681-5EB1-43F2-A537-D1ED2C1985C9}.Ad-Hoc|x86.ActiveCfg = Debug|Any CPU
		{12E97681-5EB1-43F2-A537-D1ED2C1985C9}.Ad-Hoc|x86.Build.0 = Debug|Any CPU
		{12E97681-5EB1-43F2-A537-D1ED2C1985C9}.AppStore|Any CPU.ActiveCfg = Debug|Any CPU
		{12E97681-5EB1-43F2-A537-D1ED2C1985C9}.AppStore|Any CPU.Build.0 = Debug|Any CPU
		{12E97681-5EB1-43F2-A537-D1ED2C1985C9}.AppStore|ARM.ActiveCfg = Debug|Any CPU
		{12E97681-5EB1-43F2-A537-D1ED2C1985C9}.AppStore|ARM.Build.0 = Debug|Any CPU
		{12E97681-5EB1-43F2-A537-D1ED2C1985C9}.AppStore|iPhone.ActiveCfg = Debug|Any CPU
		{12E97681-5EB1-43F2-A537-D1ED2C1985C9}.AppStore|iPhone.Build.0 = Debug|Any CPU
		{12E97681-5EB1-43F2-A537-D1ED2C1985C9}.AppStore|iPhoneSimulator.ActiveCfg = Debug|Any CPU
		{12E97681-5EB1-43F2-A537-D1ED2C1985C9}.AppStore|iPhoneSimulator.Build.0 = Debug|Any CPU
		{12E97681-5EB1-43F2-A537-D1ED2C1985C9}.AppStore|x64.ActiveCfg = Debug|Any CPU
		{12E97681-5EB1-43F2-A537-D1ED2C1985C9}.AppStore|x64.Build.0 = Debug|Any CPU
		{12E97681-5EB1-43F2-A537-D1ED2C1985C9}.AppStore|x86.ActiveCfg = Debug|Any CPU
		{12E97681-5EB1-43F2-A537-D1ED2C1985C9}.AppStore|x86.Build.0 = Debug|Any CPU
		{12E97681-5EB1-43F2-A537-D1ED2C1985C9}.Debug|Any CPU.ActiveCfg = Debug|Any CPU
		{12E97681-5EB1-43F2-A537-D1ED2C1985C9}.Debug|Any CPU.Build.0 = Debug|Any CPU
		{12E97681-5EB1-43F2-A537-D1ED2C1985C9}.Debug|ARM.ActiveCfg = Debug|Any CPU
		{12E97681-5EB1-43F2-A537-D1ED2C1985C9}.Debug|ARM.Build.0 = Debug|Any CPU
		{12E97681-5EB1-43F2-A537-D1ED2C1985C9}.Debug|iPhone.ActiveCfg = Debug|Any CPU
		{12E97681-5EB1-43F2-A537-D1ED2C1985C9}.Debug|iPhone.Build.0 = Debug|Any CPU
		{12E97681-5EB1-43F2-A537-D1ED2C1985C9}.Debug|iPhoneSimulator.ActiveCfg = Debug|Any CPU
		{12E97681-5EB1-43F2-A537-D1ED2C1985C9}.Debug|iPhoneSimulator.Build.0 = Debug|Any CPU
		{12E97681-5EB1-43F2-A537-D1ED2C1985C9}.Debug|x64.ActiveCfg = Debug|Any CPU
		{12E97681-5EB1-43F2-A537-D1ED2C1985C9}.Debug|x64.Build.0 = Debug|Any CPU
		{12E97681-5EB1-43F2-A537-D1ED2C1985C9}.Debug|x86.ActiveCfg = Debug|Any CPU
		{12E97681-5EB1-43F2-A537-D1ED2C1985C9}.Debug|x86.Build.0 = Debug|Any CPU
		{12E97681-5EB1-43F2-A537-D1ED2C1985C9}.Release|Any CPU.ActiveCfg = Release|Any CPU
		{12E97681-5EB1-43F2-A537-D1ED2C1985C9}.Release|Any CPU.Build.0 = Release|Any CPU
		{12E97681-5EB1-43F2-A537-D1ED2C1985C9}.Release|ARM.ActiveCfg = Release|Any CPU
		{12E97681-5EB1-43F2-A537-D1ED2C1985C9}.Release|ARM.Build.0 = Release|Any CPU
		{12E97681-5EB1-43F2-A537-D1ED2C1985C9}.Release|iPhone.ActiveCfg = Release|Any CPU
		{12E97681-5EB1-43F2-A537-D1ED2C1985C9}.Release|iPhone.Build.0 = Release|Any CPU
		{12E97681-5EB1-43F2-A537-D1ED2C1985C9}.Release|iPhoneSimulator.ActiveCfg = Release|Any CPU
		{12E97681-5EB1-43F2-A537-D1ED2C1985C9}.Release|iPhoneSimulator.Build.0 = Release|Any CPU
		{12E97681-5EB1-43F2-A537-D1ED2C1985C9}.Release|x64.ActiveCfg = Release|Any CPU
		{12E97681-5EB1-43F2-A537-D1ED2C1985C9}.Release|x64.Build.0 = Release|Any CPU
		{12E97681-5EB1-43F2-A537-D1ED2C1985C9}.Release|x86.ActiveCfg = Release|Any CPU
		{12E97681-5EB1-43F2-A537-D1ED2C1985C9}.Release|x86.Build.0 = Release|Any CPU
		{1FFE113A-9F21-4A5F-AAF5-C340522F563E}.Ad-Hoc|Any CPU.ActiveCfg = Debug|Any CPU
		{1FFE113A-9F21-4A5F-AAF5-C340522F563E}.Ad-Hoc|Any CPU.Build.0 = Debug|Any CPU
		{1FFE113A-9F21-4A5F-AAF5-C340522F563E}.Ad-Hoc|ARM.ActiveCfg = Debug|Any CPU
		{1FFE113A-9F21-4A5F-AAF5-C340522F563E}.Ad-Hoc|ARM.Build.0 = Debug|Any CPU
		{1FFE113A-9F21-4A5F-AAF5-C340522F563E}.Ad-Hoc|iPhone.ActiveCfg = Debug|Any CPU
		{1FFE113A-9F21-4A5F-AAF5-C340522F563E}.Ad-Hoc|iPhone.Build.0 = Debug|Any CPU
		{1FFE113A-9F21-4A5F-AAF5-C340522F563E}.Ad-Hoc|iPhoneSimulator.ActiveCfg = Debug|Any CPU
		{1FFE113A-9F21-4A5F-AAF5-C340522F563E}.Ad-Hoc|iPhoneSimulator.Build.0 = Debug|Any CPU
		{1FFE113A-9F21-4A5F-AAF5-C340522F563E}.Ad-Hoc|x64.ActiveCfg = Debug|Any CPU
		{1FFE113A-9F21-4A5F-AAF5-C340522F563E}.Ad-Hoc|x64.Build.0 = Debug|Any CPU
		{1FFE113A-9F21-4A5F-AAF5-C340522F563E}.Ad-Hoc|x86.ActiveCfg = Debug|Any CPU
		{1FFE113A-9F21-4A5F-AAF5-C340522F563E}.Ad-Hoc|x86.Build.0 = Debug|Any CPU
		{1FFE113A-9F21-4A5F-AAF5-C340522F563E}.AppStore|Any CPU.ActiveCfg = Debug|Any CPU
		{1FFE113A-9F21-4A5F-AAF5-C340522F563E}.AppStore|Any CPU.Build.0 = Debug|Any CPU
		{1FFE113A-9F21-4A5F-AAF5-C340522F563E}.AppStore|ARM.ActiveCfg = Debug|Any CPU
		{1FFE113A-9F21-4A5F-AAF5-C340522F563E}.AppStore|ARM.Build.0 = Debug|Any CPU
		{1FFE113A-9F21-4A5F-AAF5-C340522F563E}.AppStore|iPhone.ActiveCfg = Debug|Any CPU
		{1FFE113A-9F21-4A5F-AAF5-C340522F563E}.AppStore|iPhone.Build.0 = Debug|Any CPU
		{1FFE113A-9F21-4A5F-AAF5-C340522F563E}.AppStore|iPhoneSimulator.ActiveCfg = Debug|Any CPU
		{1FFE113A-9F21-4A5F-AAF5-C340522F563E}.AppStore|iPhoneSimulator.Build.0 = Debug|Any CPU
		{1FFE113A-9F21-4A5F-AAF5-C340522F563E}.AppStore|x64.ActiveCfg = Debug|Any CPU
		{1FFE113A-9F21-4A5F-AAF5-C340522F563E}.AppStore|x64.Build.0 = Debug|Any CPU
		{1FFE113A-9F21-4A5F-AAF5-C340522F563E}.AppStore|x86.ActiveCfg = Debug|Any CPU
		{1FFE113A-9F21-4A5F-AAF5-C340522F563E}.AppStore|x86.Build.0 = Debug|Any CPU
		{1FFE113A-9F21-4A5F-AAF5-C340522F563E}.Debug|Any CPU.ActiveCfg = Debug|Any CPU
		{1FFE113A-9F21-4A5F-AAF5-C340522F563E}.Debug|Any CPU.Build.0 = Debug|Any CPU
		{1FFE113A-9F21-4A5F-AAF5-C340522F563E}.Debug|ARM.ActiveCfg = Debug|Any CPU
		{1FFE113A-9F21-4A5F-AAF5-C340522F563E}.Debug|ARM.Build.0 = Debug|Any CPU
		{1FFE113A-9F21-4A5F-AAF5-C340522F563E}.Debug|iPhone.ActiveCfg = Debug|Any CPU
		{1FFE113A-9F21-4A5F-AAF5-C340522F563E}.Debug|iPhone.Build.0 = Debug|Any CPU
		{1FFE113A-9F21-4A5F-AAF5-C340522F563E}.Debug|iPhoneSimulator.ActiveCfg = Debug|Any CPU
		{1FFE113A-9F21-4A5F-AAF5-C340522F563E}.Debug|iPhoneSimulator.Build.0 = Debug|Any CPU
		{1FFE113A-9F21-4A5F-AAF5-C340522F563E}.Debug|x64.ActiveCfg = Debug|Any CPU
		{1FFE113A-9F21-4A5F-AAF5-C340522F563E}.Debug|x64.Build.0 = Debug|Any CPU
		{1FFE113A-9F21-4A5F-AAF5-C340522F563E}.Debug|x86.ActiveCfg = Debug|Any CPU
		{1FFE113A-9F21-4A5F-AAF5-C340522F563E}.Debug|x86.Build.0 = Debug|Any CPU
		{1FFE113A-9F21-4A5F-AAF5-C340522F563E}.Release|Any CPU.ActiveCfg = Release|Any CPU
		{1FFE113A-9F21-4A5F-AAF5-C340522F563E}.Release|Any CPU.Build.0 = Release|Any CPU
		{1FFE113A-9F21-4A5F-AAF5-C340522F563E}.Release|ARM.ActiveCfg = Release|Any CPU
		{1FFE113A-9F21-4A5F-AAF5-C340522F563E}.Release|ARM.Build.0 = Release|Any CPU
		{1FFE113A-9F21-4A5F-AAF5-C340522F563E}.Release|iPhone.ActiveCfg = Release|Any CPU
		{1FFE113A-9F21-4A5F-AAF5-C340522F563E}.Release|iPhone.Build.0 = Release|Any CPU
		{1FFE113A-9F21-4A5F-AAF5-C340522F563E}.Release|iPhoneSimulator.ActiveCfg = Release|Any CPU
		{1FFE113A-9F21-4A5F-AAF5-C340522F563E}.Release|iPhoneSimulator.Build.0 = Release|Any CPU
		{1FFE113A-9F21-4A5F-AAF5-C340522F563E}.Release|x64.ActiveCfg = Release|Any CPU
		{1FFE113A-9F21-4A5F-AAF5-C340522F563E}.Release|x64.Build.0 = Release|Any CPU
		{1FFE113A-9F21-4A5F-AAF5-C340522F563E}.Release|x86.ActiveCfg = Release|Any CPU
		{1FFE113A-9F21-4A5F-AAF5-C340522F563E}.Release|x86.Build.0 = Release|Any CPU
		{1F1C4834-0296-4E69-8BBB-889E59AC2323}.Ad-Hoc|Any CPU.ActiveCfg = Debug|Any CPU
		{1F1C4834-0296-4E69-8BBB-889E59AC2323}.Ad-Hoc|Any CPU.Build.0 = Debug|Any CPU
		{1F1C4834-0296-4E69-8BBB-889E59AC2323}.Ad-Hoc|ARM.ActiveCfg = Debug|Any CPU
		{1F1C4834-0296-4E69-8BBB-889E59AC2323}.Ad-Hoc|ARM.Build.0 = Debug|Any CPU
		{1F1C4834-0296-4E69-8BBB-889E59AC2323}.Ad-Hoc|iPhone.ActiveCfg = Debug|Any CPU
		{1F1C4834-0296-4E69-8BBB-889E59AC2323}.Ad-Hoc|iPhone.Build.0 = Debug|Any CPU
		{1F1C4834-0296-4E69-8BBB-889E59AC2323}.Ad-Hoc|iPhoneSimulator.ActiveCfg = Debug|Any CPU
		{1F1C4834-0296-4E69-8BBB-889E59AC2323}.Ad-Hoc|iPhoneSimulator.Build.0 = Debug|Any CPU
		{1F1C4834-0296-4E69-8BBB-889E59AC2323}.Ad-Hoc|x64.ActiveCfg = Debug|Any CPU
		{1F1C4834-0296-4E69-8BBB-889E59AC2323}.Ad-Hoc|x64.Build.0 = Debug|Any CPU
		{1F1C4834-0296-4E69-8BBB-889E59AC2323}.Ad-Hoc|x86.ActiveCfg = Debug|Any CPU
		{1F1C4834-0296-4E69-8BBB-889E59AC2323}.Ad-Hoc|x86.Build.0 = Debug|Any CPU
		{1F1C4834-0296-4E69-8BBB-889E59AC2323}.AppStore|Any CPU.ActiveCfg = Debug|Any CPU
		{1F1C4834-0296-4E69-8BBB-889E59AC2323}.AppStore|Any CPU.Build.0 = Debug|Any CPU
		{1F1C4834-0296-4E69-8BBB-889E59AC2323}.AppStore|ARM.ActiveCfg = Debug|Any CPU
		{1F1C4834-0296-4E69-8BBB-889E59AC2323}.AppStore|ARM.Build.0 = Debug|Any CPU
		{1F1C4834-0296-4E69-8BBB-889E59AC2323}.AppStore|iPhone.ActiveCfg = Debug|Any CPU
		{1F1C4834-0296-4E69-8BBB-889E59AC2323}.AppStore|iPhone.Build.0 = Debug|Any CPU
		{1F1C4834-0296-4E69-8BBB-889E59AC2323}.AppStore|iPhoneSimulator.ActiveCfg = Debug|Any CPU
		{1F1C4834-0296-4E69-8BBB-889E59AC2323}.AppStore|iPhoneSimulator.Build.0 = Debug|Any CPU
		{1F1C4834-0296-4E69-8BBB-889E59AC2323}.AppStore|x64.ActiveCfg = Debug|Any CPU
		{1F1C4834-0296-4E69-8BBB-889E59AC2323}.AppStore|x64.Build.0 = Debug|Any CPU
		{1F1C4834-0296-4E69-8BBB-889E59AC2323}.AppStore|x86.ActiveCfg = Debug|Any CPU
		{1F1C4834-0296-4E69-8BBB-889E59AC2323}.AppStore|x86.Build.0 = Debug|Any CPU
		{1F1C4834-0296-4E69-8BBB-889E59AC2323}.Debug|Any CPU.ActiveCfg = Debug|Any CPU
		{1F1C4834-0296-4E69-8BBB-889E59AC2323}.Debug|Any CPU.Build.0 = Debug|Any CPU
		{1F1C4834-0296-4E69-8BBB-889E59AC2323}.Debug|ARM.ActiveCfg = Debug|Any CPU
		{1F1C4834-0296-4E69-8BBB-889E59AC2323}.Debug|ARM.Build.0 = Debug|Any CPU
		{1F1C4834-0296-4E69-8BBB-889E59AC2323}.Debug|iPhone.ActiveCfg = Debug|Any CPU
		{1F1C4834-0296-4E69-8BBB-889E59AC2323}.Debug|iPhone.Build.0 = Debug|Any CPU
		{1F1C4834-0296-4E69-8BBB-889E59AC2323}.Debug|iPhoneSimulator.ActiveCfg = Debug|Any CPU
		{1F1C4834-0296-4E69-8BBB-889E59AC2323}.Debug|iPhoneSimulator.Build.0 = Debug|Any CPU
		{1F1C4834-0296-4E69-8BBB-889E59AC2323}.Debug|x64.ActiveCfg = Debug|Any CPU
		{1F1C4834-0296-4E69-8BBB-889E59AC2323}.Debug|x64.Build.0 = Debug|Any CPU
		{1F1C4834-0296-4E69-8BBB-889E59AC2323}.Debug|x86.ActiveCfg = Debug|Any CPU
		{1F1C4834-0296-4E69-8BBB-889E59AC2323}.Debug|x86.Build.0 = Debug|Any CPU
		{1F1C4834-0296-4E69-8BBB-889E59AC2323}.Release|Any CPU.ActiveCfg = Release|Any CPU
		{1F1C4834-0296-4E69-8BBB-889E59AC2323}.Release|Any CPU.Build.0 = Release|Any CPU
		{1F1C4834-0296-4E69-8BBB-889E59AC2323}.Release|ARM.ActiveCfg = Release|Any CPU
		{1F1C4834-0296-4E69-8BBB-889E59AC2323}.Release|ARM.Build.0 = Release|Any CPU
		{1F1C4834-0296-4E69-8BBB-889E59AC2323}.Release|iPhone.ActiveCfg = Release|Any CPU
		{1F1C4834-0296-4E69-8BBB-889E59AC2323}.Release|iPhone.Build.0 = Release|Any CPU
		{1F1C4834-0296-4E69-8BBB-889E59AC2323}.Release|iPhoneSimulator.ActiveCfg = Release|Any CPU
		{1F1C4834-0296-4E69-8BBB-889E59AC2323}.Release|iPhoneSimulator.Build.0 = Release|Any CPU
		{1F1C4834-0296-4E69-8BBB-889E59AC2323}.Release|x64.ActiveCfg = Release|Any CPU
		{1F1C4834-0296-4E69-8BBB-889E59AC2323}.Release|x64.Build.0 = Release|Any CPU
		{1F1C4834-0296-4E69-8BBB-889E59AC2323}.Release|x86.ActiveCfg = Release|Any CPU
		{1F1C4834-0296-4E69-8BBB-889E59AC2323}.Release|x86.Build.0 = Release|Any CPU
		{BE77E1F3-A281-4EB2-BFF1-AABC0ACCC889}.Ad-Hoc|Any CPU.ActiveCfg = Debug|Any CPU
		{BE77E1F3-A281-4EB2-BFF1-AABC0ACCC889}.Ad-Hoc|Any CPU.Build.0 = Debug|Any CPU
		{BE77E1F3-A281-4EB2-BFF1-AABC0ACCC889}.Ad-Hoc|ARM.ActiveCfg = Debug|Any CPU
		{BE77E1F3-A281-4EB2-BFF1-AABC0ACCC889}.Ad-Hoc|ARM.Build.0 = Debug|Any CPU
		{BE77E1F3-A281-4EB2-BFF1-AABC0ACCC889}.Ad-Hoc|iPhone.ActiveCfg = Debug|Any CPU
		{BE77E1F3-A281-4EB2-BFF1-AABC0ACCC889}.Ad-Hoc|iPhone.Build.0 = Debug|Any CPU
		{BE77E1F3-A281-4EB2-BFF1-AABC0ACCC889}.Ad-Hoc|iPhoneSimulator.ActiveCfg = Debug|Any CPU
		{BE77E1F3-A281-4EB2-BFF1-AABC0ACCC889}.Ad-Hoc|iPhoneSimulator.Build.0 = Debug|Any CPU
		{BE77E1F3-A281-4EB2-BFF1-AABC0ACCC889}.Ad-Hoc|x64.ActiveCfg = Debug|Any CPU
		{BE77E1F3-A281-4EB2-BFF1-AABC0ACCC889}.Ad-Hoc|x64.Build.0 = Debug|Any CPU
		{BE77E1F3-A281-4EB2-BFF1-AABC0ACCC889}.Ad-Hoc|x86.ActiveCfg = Debug|Any CPU
		{BE77E1F3-A281-4EB2-BFF1-AABC0ACCC889}.Ad-Hoc|x86.Build.0 = Debug|Any CPU
		{BE77E1F3-A281-4EB2-BFF1-AABC0ACCC889}.AppStore|Any CPU.ActiveCfg = Debug|Any CPU
		{BE77E1F3-A281-4EB2-BFF1-AABC0ACCC889}.AppStore|Any CPU.Build.0 = Debug|Any CPU
		{BE77E1F3-A281-4EB2-BFF1-AABC0ACCC889}.AppStore|ARM.ActiveCfg = Debug|Any CPU
		{BE77E1F3-A281-4EB2-BFF1-AABC0ACCC889}.AppStore|ARM.Build.0 = Debug|Any CPU
		{BE77E1F3-A281-4EB2-BFF1-AABC0ACCC889}.AppStore|iPhone.ActiveCfg = Debug|Any CPU
		{BE77E1F3-A281-4EB2-BFF1-AABC0ACCC889}.AppStore|iPhone.Build.0 = Debug|Any CPU
		{BE77E1F3-A281-4EB2-BFF1-AABC0ACCC889}.AppStore|iPhoneSimulator.ActiveCfg = Debug|Any CPU
		{BE77E1F3-A281-4EB2-BFF1-AABC0ACCC889}.AppStore|iPhoneSimulator.Build.0 = Debug|Any CPU
		{BE77E1F3-A281-4EB2-BFF1-AABC0ACCC889}.AppStore|x64.ActiveCfg = Debug|Any CPU
		{BE77E1F3-A281-4EB2-BFF1-AABC0ACCC889}.AppStore|x64.Build.0 = Debug|Any CPU
		{BE77E1F3-A281-4EB2-BFF1-AABC0ACCC889}.AppStore|x86.ActiveCfg = Debug|Any CPU
		{BE77E1F3-A281-4EB2-BFF1-AABC0ACCC889}.AppStore|x86.Build.0 = Debug|Any CPU
		{BE77E1F3-A281-4EB2-BFF1-AABC0ACCC889}.Debug|Any CPU.ActiveCfg = Debug|Any CPU
		{BE77E1F3-A281-4EB2-BFF1-AABC0ACCC889}.Debug|Any CPU.Build.0 = Debug|Any CPU
		{BE77E1F3-A281-4EB2-BFF1-AABC0ACCC889}.Debug|ARM.ActiveCfg = Debug|Any CPU
		{BE77E1F3-A281-4EB2-BFF1-AABC0ACCC889}.Debug|ARM.Build.0 = Debug|Any CPU
		{BE77E1F3-A281-4EB2-BFF1-AABC0ACCC889}.Debug|iPhone.ActiveCfg = Debug|Any CPU
		{BE77E1F3-A281-4EB2-BFF1-AABC0ACCC889}.Debug|iPhone.Build.0 = Debug|Any CPU
		{BE77E1F3-A281-4EB2-BFF1-AABC0ACCC889}.Debug|iPhoneSimulator.ActiveCfg = Debug|Any CPU
		{BE77E1F3-A281-4EB2-BFF1-AABC0ACCC889}.Debug|iPhoneSimulator.Build.0 = Debug|Any CPU
		{BE77E1F3-A281-4EB2-BFF1-AABC0ACCC889}.Debug|x64.ActiveCfg = Debug|Any CPU
		{BE77E1F3-A281-4EB2-BFF1-AABC0ACCC889}.Debug|x64.Build.0 = Debug|Any CPU
		{BE77E1F3-A281-4EB2-BFF1-AABC0ACCC889}.Debug|x86.ActiveCfg = Debug|Any CPU
		{BE77E1F3-A281-4EB2-BFF1-AABC0ACCC889}.Debug|x86.Build.0 = Debug|Any CPU
		{BE77E1F3-A281-4EB2-BFF1-AABC0ACCC889}.Release|Any CPU.ActiveCfg = Release|Any CPU
		{BE77E1F3-A281-4EB2-BFF1-AABC0ACCC889}.Release|Any CPU.Build.0 = Release|Any CPU
		{BE77E1F3-A281-4EB2-BFF1-AABC0ACCC889}.Release|ARM.ActiveCfg = Release|Any CPU
		{BE77E1F3-A281-4EB2-BFF1-AABC0ACCC889}.Release|ARM.Build.0 = Release|Any CPU
		{BE77E1F3-A281-4EB2-BFF1-AABC0ACCC889}.Release|iPhone.ActiveCfg = Release|Any CPU
		{BE77E1F3-A281-4EB2-BFF1-AABC0ACCC889}.Release|iPhone.Build.0 = Release|Any CPU
		{BE77E1F3-A281-4EB2-BFF1-AABC0ACCC889}.Release|iPhoneSimulator.ActiveCfg = Release|Any CPU
		{BE77E1F3-A281-4EB2-BFF1-AABC0ACCC889}.Release|iPhoneSimulator.Build.0 = Release|Any CPU
		{BE77E1F3-A281-4EB2-BFF1-AABC0ACCC889}.Release|x64.ActiveCfg = Release|Any CPU
		{BE77E1F3-A281-4EB2-BFF1-AABC0ACCC889}.Release|x64.Build.0 = Release|Any CPU
		{BE77E1F3-A281-4EB2-BFF1-AABC0ACCC889}.Release|x86.ActiveCfg = Release|Any CPU
		{BE77E1F3-A281-4EB2-BFF1-AABC0ACCC889}.Release|x86.Build.0 = Release|Any CPU
		{7F4D4A83-61D1-4A99-8D3A-CCA3AFD7AF72}.Ad-Hoc|Any CPU.ActiveCfg = Debug|Any CPU
		{7F4D4A83-61D1-4A99-8D3A-CCA3AFD7AF72}.Ad-Hoc|Any CPU.Build.0 = Debug|Any CPU
		{7F4D4A83-61D1-4A99-8D3A-CCA3AFD7AF72}.Ad-Hoc|ARM.ActiveCfg = Debug|Any CPU
		{7F4D4A83-61D1-4A99-8D3A-CCA3AFD7AF72}.Ad-Hoc|ARM.Build.0 = Debug|Any CPU
		{7F4D4A83-61D1-4A99-8D3A-CCA3AFD7AF72}.Ad-Hoc|iPhone.ActiveCfg = Debug|Any CPU
		{7F4D4A83-61D1-4A99-8D3A-CCA3AFD7AF72}.Ad-Hoc|iPhone.Build.0 = Debug|Any CPU
		{7F4D4A83-61D1-4A99-8D3A-CCA3AFD7AF72}.Ad-Hoc|iPhoneSimulator.ActiveCfg = Debug|Any CPU
		{7F4D4A83-61D1-4A99-8D3A-CCA3AFD7AF72}.Ad-Hoc|iPhoneSimulator.Build.0 = Debug|Any CPU
		{7F4D4A83-61D1-4A99-8D3A-CCA3AFD7AF72}.Ad-Hoc|x64.ActiveCfg = Debug|Any CPU
		{7F4D4A83-61D1-4A99-8D3A-CCA3AFD7AF72}.Ad-Hoc|x64.Build.0 = Debug|Any CPU
		{7F4D4A83-61D1-4A99-8D3A-CCA3AFD7AF72}.Ad-Hoc|x86.ActiveCfg = Debug|Any CPU
		{7F4D4A83-61D1-4A99-8D3A-CCA3AFD7AF72}.Ad-Hoc|x86.Build.0 = Debug|Any CPU
		{7F4D4A83-61D1-4A99-8D3A-CCA3AFD7AF72}.AppStore|Any CPU.ActiveCfg = Debug|Any CPU
		{7F4D4A83-61D1-4A99-8D3A-CCA3AFD7AF72}.AppStore|Any CPU.Build.0 = Debug|Any CPU
		{7F4D4A83-61D1-4A99-8D3A-CCA3AFD7AF72}.AppStore|ARM.ActiveCfg = Debug|Any CPU
		{7F4D4A83-61D1-4A99-8D3A-CCA3AFD7AF72}.AppStore|ARM.Build.0 = Debug|Any CPU
		{7F4D4A83-61D1-4A99-8D3A-CCA3AFD7AF72}.AppStore|iPhone.ActiveCfg = Debug|Any CPU
		{7F4D4A83-61D1-4A99-8D3A-CCA3AFD7AF72}.AppStore|iPhone.Build.0 = Debug|Any CPU
		{7F4D4A83-61D1-4A99-8D3A-CCA3AFD7AF72}.AppStore|iPhoneSimulator.ActiveCfg = Debug|Any CPU
		{7F4D4A83-61D1-4A99-8D3A-CCA3AFD7AF72}.AppStore|iPhoneSimulator.Build.0 = Debug|Any CPU
		{7F4D4A83-61D1-4A99-8D3A-CCA3AFD7AF72}.AppStore|x64.ActiveCfg = Debug|Any CPU
		{7F4D4A83-61D1-4A99-8D3A-CCA3AFD7AF72}.AppStore|x64.Build.0 = Debug|Any CPU
		{7F4D4A83-61D1-4A99-8D3A-CCA3AFD7AF72}.AppStore|x86.ActiveCfg = Debug|Any CPU
		{7F4D4A83-61D1-4A99-8D3A-CCA3AFD7AF72}.AppStore|x86.Build.0 = Debug|Any CPU
		{7F4D4A83-61D1-4A99-8D3A-CCA3AFD7AF72}.Debug|Any CPU.ActiveCfg = Debug|Any CPU
		{7F4D4A83-61D1-4A99-8D3A-CCA3AFD7AF72}.Debug|Any CPU.Build.0 = Debug|Any CPU
		{7F4D4A83-61D1-4A99-8D3A-CCA3AFD7AF72}.Debug|ARM.ActiveCfg = Debug|Any CPU
		{7F4D4A83-61D1-4A99-8D3A-CCA3AFD7AF72}.Debug|ARM.Build.0 = Debug|Any CPU
		{7F4D4A83-61D1-4A99-8D3A-CCA3AFD7AF72}.Debug|iPhone.ActiveCfg = Debug|Any CPU
		{7F4D4A83-61D1-4A99-8D3A-CCA3AFD7AF72}.Debug|iPhone.Build.0 = Debug|Any CPU
		{7F4D4A83-61D1-4A99-8D3A-CCA3AFD7AF72}.Debug|iPhoneSimulator.ActiveCfg = Debug|Any CPU
		{7F4D4A83-61D1-4A99-8D3A-CCA3AFD7AF72}.Debug|iPhoneSimulator.Build.0 = Debug|Any CPU
		{7F4D4A83-61D1-4A99-8D3A-CCA3AFD7AF72}.Debug|x64.ActiveCfg = Debug|Any CPU
		{7F4D4A83-61D1-4A99-8D3A-CCA3AFD7AF72}.Debug|x64.Build.0 = Debug|Any CPU
		{7F4D4A83-61D1-4A99-8D3A-CCA3AFD7AF72}.Debug|x86.ActiveCfg = Debug|Any CPU
		{7F4D4A83-61D1-4A99-8D3A-CCA3AFD7AF72}.Debug|x86.Build.0 = Debug|Any CPU
		{7F4D4A83-61D1-4A99-8D3A-CCA3AFD7AF72}.Release|Any CPU.ActiveCfg = Release|Any CPU
		{7F4D4A83-61D1-4A99-8D3A-CCA3AFD7AF72}.Release|Any CPU.Build.0 = Release|Any CPU
		{7F4D4A83-61D1-4A99-8D3A-CCA3AFD7AF72}.Release|ARM.ActiveCfg = Release|Any CPU
		{7F4D4A83-61D1-4A99-8D3A-CCA3AFD7AF72}.Release|ARM.Build.0 = Release|Any CPU
		{7F4D4A83-61D1-4A99-8D3A-CCA3AFD7AF72}.Release|iPhone.ActiveCfg = Release|Any CPU
		{7F4D4A83-61D1-4A99-8D3A-CCA3AFD7AF72}.Release|iPhone.Build.0 = Release|Any CPU
		{7F4D4A83-61D1-4A99-8D3A-CCA3AFD7AF72}.Release|iPhoneSimulator.ActiveCfg = Release|Any CPU
		{7F4D4A83-61D1-4A99-8D3A-CCA3AFD7AF72}.Release|iPhoneSimulator.Build.0 = Release|Any CPU
		{7F4D4A83-61D1-4A99-8D3A-CCA3AFD7AF72}.Release|x64.ActiveCfg = Release|Any CPU
		{7F4D4A83-61D1-4A99-8D3A-CCA3AFD7AF72}.Release|x64.Build.0 = Release|Any CPU
		{7F4D4A83-61D1-4A99-8D3A-CCA3AFD7AF72}.Release|x86.ActiveCfg = Release|Any CPU
		{7F4D4A83-61D1-4A99-8D3A-CCA3AFD7AF72}.Release|x86.Build.0 = Release|Any CPU
		{8F160B9E-7841-42E0-89D3-575D88AD41BD}.Ad-Hoc|Any CPU.ActiveCfg = Debug|Any CPU
		{8F160B9E-7841-42E0-89D3-575D88AD41BD}.Ad-Hoc|Any CPU.Build.0 = Debug|Any CPU
		{8F160B9E-7841-42E0-89D3-575D88AD41BD}.Ad-Hoc|ARM.ActiveCfg = Debug|Any CPU
		{8F160B9E-7841-42E0-89D3-575D88AD41BD}.Ad-Hoc|ARM.Build.0 = Debug|Any CPU
		{8F160B9E-7841-42E0-89D3-575D88AD41BD}.Ad-Hoc|iPhone.ActiveCfg = Debug|Any CPU
		{8F160B9E-7841-42E0-89D3-575D88AD41BD}.Ad-Hoc|iPhone.Build.0 = Debug|Any CPU
		{8F160B9E-7841-42E0-89D3-575D88AD41BD}.Ad-Hoc|iPhoneSimulator.ActiveCfg = Debug|Any CPU
		{8F160B9E-7841-42E0-89D3-575D88AD41BD}.Ad-Hoc|iPhoneSimulator.Build.0 = Debug|Any CPU
		{8F160B9E-7841-42E0-89D3-575D88AD41BD}.Ad-Hoc|x64.ActiveCfg = Debug|Any CPU
		{8F160B9E-7841-42E0-89D3-575D88AD41BD}.Ad-Hoc|x64.Build.0 = Debug|Any CPU
		{8F160B9E-7841-42E0-89D3-575D88AD41BD}.Ad-Hoc|x86.ActiveCfg = Debug|Any CPU
		{8F160B9E-7841-42E0-89D3-575D88AD41BD}.Ad-Hoc|x86.Build.0 = Debug|Any CPU
		{8F160B9E-7841-42E0-89D3-575D88AD41BD}.AppStore|Any CPU.ActiveCfg = Debug|Any CPU
		{8F160B9E-7841-42E0-89D3-575D88AD41BD}.AppStore|Any CPU.Build.0 = Debug|Any CPU
		{8F160B9E-7841-42E0-89D3-575D88AD41BD}.AppStore|ARM.ActiveCfg = Debug|Any CPU
		{8F160B9E-7841-42E0-89D3-575D88AD41BD}.AppStore|ARM.Build.0 = Debug|Any CPU
		{8F160B9E-7841-42E0-89D3-575D88AD41BD}.AppStore|iPhone.ActiveCfg = Debug|Any CPU
		{8F160B9E-7841-42E0-89D3-575D88AD41BD}.AppStore|iPhone.Build.0 = Debug|Any CPU
		{8F160B9E-7841-42E0-89D3-575D88AD41BD}.AppStore|iPhoneSimulator.ActiveCfg = Debug|Any CPU
		{8F160B9E-7841-42E0-89D3-575D88AD41BD}.AppStore|iPhoneSimulator.Build.0 = Debug|Any CPU
		{8F160B9E-7841-42E0-89D3-575D88AD41BD}.AppStore|x64.ActiveCfg = Debug|Any CPU
		{8F160B9E-7841-42E0-89D3-575D88AD41BD}.AppStore|x64.Build.0 = Debug|Any CPU
		{8F160B9E-7841-42E0-89D3-575D88AD41BD}.AppStore|x86.ActiveCfg = Debug|Any CPU
		{8F160B9E-7841-42E0-89D3-575D88AD41BD}.AppStore|x86.Build.0 = Debug|Any CPU
		{8F160B9E-7841-42E0-89D3-575D88AD41BD}.Debug|Any CPU.ActiveCfg = Debug|Any CPU
		{8F160B9E-7841-42E0-89D3-575D88AD41BD}.Debug|Any CPU.Build.0 = Debug|Any CPU
		{8F160B9E-7841-42E0-89D3-575D88AD41BD}.Debug|ARM.ActiveCfg = Debug|Any CPU
		{8F160B9E-7841-42E0-89D3-575D88AD41BD}.Debug|ARM.Build.0 = Debug|Any CPU
		{8F160B9E-7841-42E0-89D3-575D88AD41BD}.Debug|iPhone.ActiveCfg = Debug|Any CPU
		{8F160B9E-7841-42E0-89D3-575D88AD41BD}.Debug|iPhone.Build.0 = Debug|Any CPU
		{8F160B9E-7841-42E0-89D3-575D88AD41BD}.Debug|iPhoneSimulator.ActiveCfg = Debug|Any CPU
		{8F160B9E-7841-42E0-89D3-575D88AD41BD}.Debug|iPhoneSimulator.Build.0 = Debug|Any CPU
		{8F160B9E-7841-42E0-89D3-575D88AD41BD}.Debug|x64.ActiveCfg = Debug|Any CPU
		{8F160B9E-7841-42E0-89D3-575D88AD41BD}.Debug|x64.Build.0 = Debug|Any CPU
		{8F160B9E-7841-42E0-89D3-575D88AD41BD}.Debug|x86.ActiveCfg = Debug|Any CPU
		{8F160B9E-7841-42E0-89D3-575D88AD41BD}.Debug|x86.Build.0 = Debug|Any CPU
		{8F160B9E-7841-42E0-89D3-575D88AD41BD}.Release|Any CPU.ActiveCfg = Release|Any CPU
		{8F160B9E-7841-42E0-89D3-575D88AD41BD}.Release|Any CPU.Build.0 = Release|Any CPU
		{8F160B9E-7841-42E0-89D3-575D88AD41BD}.Release|ARM.ActiveCfg = Release|Any CPU
		{8F160B9E-7841-42E0-89D3-575D88AD41BD}.Release|ARM.Build.0 = Release|Any CPU
		{8F160B9E-7841-42E0-89D3-575D88AD41BD}.Release|iPhone.ActiveCfg = Release|Any CPU
		{8F160B9E-7841-42E0-89D3-575D88AD41BD}.Release|iPhone.Build.0 = Release|Any CPU
		{8F160B9E-7841-42E0-89D3-575D88AD41BD}.Release|iPhoneSimulator.ActiveCfg = Release|Any CPU
		{8F160B9E-7841-42E0-89D3-575D88AD41BD}.Release|iPhoneSimulator.Build.0 = Release|Any CPU
		{8F160B9E-7841-42E0-89D3-575D88AD41BD}.Release|x64.ActiveCfg = Release|Any CPU
		{8F160B9E-7841-42E0-89D3-575D88AD41BD}.Release|x64.Build.0 = Release|Any CPU
		{8F160B9E-7841-42E0-89D3-575D88AD41BD}.Release|x86.ActiveCfg = Release|Any CPU
		{8F160B9E-7841-42E0-89D3-575D88AD41BD}.Release|x86.Build.0 = Release|Any CPU
		{1379336B-5CD6-4689-80E6-6A5B9DCD42AA}.Ad-Hoc|Any CPU.ActiveCfg = Debug|Any CPU
		{1379336B-5CD6-4689-80E6-6A5B9DCD42AA}.Ad-Hoc|Any CPU.Build.0 = Debug|Any CPU
		{1379336B-5CD6-4689-80E6-6A5B9DCD42AA}.Ad-Hoc|ARM.ActiveCfg = Debug|Any CPU
		{1379336B-5CD6-4689-80E6-6A5B9DCD42AA}.Ad-Hoc|ARM.Build.0 = Debug|Any CPU
		{1379336B-5CD6-4689-80E6-6A5B9DCD42AA}.Ad-Hoc|iPhone.ActiveCfg = Debug|Any CPU
		{1379336B-5CD6-4689-80E6-6A5B9DCD42AA}.Ad-Hoc|iPhone.Build.0 = Debug|Any CPU
		{1379336B-5CD6-4689-80E6-6A5B9DCD42AA}.Ad-Hoc|iPhoneSimulator.ActiveCfg = Debug|Any CPU
		{1379336B-5CD6-4689-80E6-6A5B9DCD42AA}.Ad-Hoc|iPhoneSimulator.Build.0 = Debug|Any CPU
		{1379336B-5CD6-4689-80E6-6A5B9DCD42AA}.Ad-Hoc|x64.ActiveCfg = Debug|Any CPU
		{1379336B-5CD6-4689-80E6-6A5B9DCD42AA}.Ad-Hoc|x64.Build.0 = Debug|Any CPU
		{1379336B-5CD6-4689-80E6-6A5B9DCD42AA}.Ad-Hoc|x86.ActiveCfg = Debug|Any CPU
		{1379336B-5CD6-4689-80E6-6A5B9DCD42AA}.Ad-Hoc|x86.Build.0 = Debug|Any CPU
		{1379336B-5CD6-4689-80E6-6A5B9DCD42AA}.AppStore|Any CPU.ActiveCfg = Debug|Any CPU
		{1379336B-5CD6-4689-80E6-6A5B9DCD42AA}.AppStore|Any CPU.Build.0 = Debug|Any CPU
		{1379336B-5CD6-4689-80E6-6A5B9DCD42AA}.AppStore|ARM.ActiveCfg = Debug|Any CPU
		{1379336B-5CD6-4689-80E6-6A5B9DCD42AA}.AppStore|ARM.Build.0 = Debug|Any CPU
		{1379336B-5CD6-4689-80E6-6A5B9DCD42AA}.AppStore|iPhone.ActiveCfg = Debug|Any CPU
		{1379336B-5CD6-4689-80E6-6A5B9DCD42AA}.AppStore|iPhone.Build.0 = Debug|Any CPU
		{1379336B-5CD6-4689-80E6-6A5B9DCD42AA}.AppStore|iPhoneSimulator.ActiveCfg = Debug|Any CPU
		{1379336B-5CD6-4689-80E6-6A5B9DCD42AA}.AppStore|iPhoneSimulator.Build.0 = Debug|Any CPU
		{1379336B-5CD6-4689-80E6-6A5B9DCD42AA}.AppStore|x64.ActiveCfg = Debug|Any CPU
		{1379336B-5CD6-4689-80E6-6A5B9DCD42AA}.AppStore|x64.Build.0 = Debug|Any CPU
		{1379336B-5CD6-4689-80E6-6A5B9DCD42AA}.AppStore|x86.ActiveCfg = Debug|Any CPU
		{1379336B-5CD6-4689-80E6-6A5B9DCD42AA}.AppStore|x86.Build.0 = Debug|Any CPU
		{1379336B-5CD6-4689-80E6-6A5B9DCD42AA}.Debug|Any CPU.ActiveCfg = Debug|Any CPU
		{1379336B-5CD6-4689-80E6-6A5B9DCD42AA}.Debug|Any CPU.Build.0 = Debug|Any CPU
		{1379336B-5CD6-4689-80E6-6A5B9DCD42AA}.Debug|ARM.ActiveCfg = Debug|Any CPU
		{1379336B-5CD6-4689-80E6-6A5B9DCD42AA}.Debug|ARM.Build.0 = Debug|Any CPU
		{1379336B-5CD6-4689-80E6-6A5B9DCD42AA}.Debug|iPhone.ActiveCfg = Debug|Any CPU
		{1379336B-5CD6-4689-80E6-6A5B9DCD42AA}.Debug|iPhone.Build.0 = Debug|Any CPU
		{1379336B-5CD6-4689-80E6-6A5B9DCD42AA}.Debug|iPhoneSimulator.ActiveCfg = Debug|Any CPU
		{1379336B-5CD6-4689-80E6-6A5B9DCD42AA}.Debug|iPhoneSimulator.Build.0 = Debug|Any CPU
		{1379336B-5CD6-4689-80E6-6A5B9DCD42AA}.Debug|x64.ActiveCfg = Debug|Any CPU
		{1379336B-5CD6-4689-80E6-6A5B9DCD42AA}.Debug|x64.Build.0 = Debug|Any CPU
		{1379336B-5CD6-4689-80E6-6A5B9DCD42AA}.Debug|x86.ActiveCfg = Debug|Any CPU
		{1379336B-5CD6-4689-80E6-6A5B9DCD42AA}.Debug|x86.Build.0 = Debug|Any CPU
		{1379336B-5CD6-4689-80E6-6A5B9DCD42AA}.Release|Any CPU.ActiveCfg = Release|Any CPU
		{1379336B-5CD6-4689-80E6-6A5B9DCD42AA}.Release|Any CPU.Build.0 = Release|Any CPU
		{1379336B-5CD6-4689-80E6-6A5B9DCD42AA}.Release|ARM.ActiveCfg = Release|Any CPU
		{1379336B-5CD6-4689-80E6-6A5B9DCD42AA}.Release|ARM.Build.0 = Release|Any CPU
		{1379336B-5CD6-4689-80E6-6A5B9DCD42AA}.Release|iPhone.ActiveCfg = Release|Any CPU
		{1379336B-5CD6-4689-80E6-6A5B9DCD42AA}.Release|iPhone.Build.0 = Release|Any CPU
		{1379336B-5CD6-4689-80E6-6A5B9DCD42AA}.Release|iPhoneSimulator.ActiveCfg = Release|Any CPU
		{1379336B-5CD6-4689-80E6-6A5B9DCD42AA}.Release|iPhoneSimulator.Build.0 = Release|Any CPU
		{1379336B-5CD6-4689-80E6-6A5B9DCD42AA}.Release|x64.ActiveCfg = Release|Any CPU
		{1379336B-5CD6-4689-80E6-6A5B9DCD42AA}.Release|x64.Build.0 = Release|Any CPU
		{1379336B-5CD6-4689-80E6-6A5B9DCD42AA}.Release|x86.ActiveCfg = Release|Any CPU
		{1379336B-5CD6-4689-80E6-6A5B9DCD42AA}.Release|x86.Build.0 = Release|Any CPU
		{2238E5E2-8C26-4118-96B8-CE6889248B45}.Ad-Hoc|Any CPU.ActiveCfg = Debug|Any CPU
		{2238E5E2-8C26-4118-96B8-CE6889248B45}.Ad-Hoc|Any CPU.Build.0 = Debug|Any CPU
		{2238E5E2-8C26-4118-96B8-CE6889248B45}.Ad-Hoc|ARM.ActiveCfg = Debug|Any CPU
		{2238E5E2-8C26-4118-96B8-CE6889248B45}.Ad-Hoc|ARM.Build.0 = Debug|Any CPU
		{2238E5E2-8C26-4118-96B8-CE6889248B45}.Ad-Hoc|iPhone.ActiveCfg = Debug|Any CPU
		{2238E5E2-8C26-4118-96B8-CE6889248B45}.Ad-Hoc|iPhone.Build.0 = Debug|Any CPU
		{2238E5E2-8C26-4118-96B8-CE6889248B45}.Ad-Hoc|iPhoneSimulator.ActiveCfg = Debug|Any CPU
		{2238E5E2-8C26-4118-96B8-CE6889248B45}.Ad-Hoc|iPhoneSimulator.Build.0 = Debug|Any CPU
		{2238E5E2-8C26-4118-96B8-CE6889248B45}.Ad-Hoc|x64.ActiveCfg = Debug|Any CPU
		{2238E5E2-8C26-4118-96B8-CE6889248B45}.Ad-Hoc|x64.Build.0 = Debug|Any CPU
		{2238E5E2-8C26-4118-96B8-CE6889248B45}.Ad-Hoc|x86.ActiveCfg = Debug|Any CPU
		{2238E5E2-8C26-4118-96B8-CE6889248B45}.Ad-Hoc|x86.Build.0 = Debug|Any CPU
		{2238E5E2-8C26-4118-96B8-CE6889248B45}.AppStore|Any CPU.ActiveCfg = Debug|Any CPU
		{2238E5E2-8C26-4118-96B8-CE6889248B45}.AppStore|Any CPU.Build.0 = Debug|Any CPU
		{2238E5E2-8C26-4118-96B8-CE6889248B45}.AppStore|ARM.ActiveCfg = Debug|Any CPU
		{2238E5E2-8C26-4118-96B8-CE6889248B45}.AppStore|ARM.Build.0 = Debug|Any CPU
		{2238E5E2-8C26-4118-96B8-CE6889248B45}.AppStore|iPhone.ActiveCfg = Debug|Any CPU
		{2238E5E2-8C26-4118-96B8-CE6889248B45}.AppStore|iPhone.Build.0 = Debug|Any CPU
		{2238E5E2-8C26-4118-96B8-CE6889248B45}.AppStore|iPhoneSimulator.ActiveCfg = Debug|Any CPU
		{2238E5E2-8C26-4118-96B8-CE6889248B45}.AppStore|iPhoneSimulator.Build.0 = Debug|Any CPU
		{2238E5E2-8C26-4118-96B8-CE6889248B45}.AppStore|x64.ActiveCfg = Debug|Any CPU
		{2238E5E2-8C26-4118-96B8-CE6889248B45}.AppStore|x64.Build.0 = Debug|Any CPU
		{2238E5E2-8C26-4118-96B8-CE6889248B45}.AppStore|x86.ActiveCfg = Debug|Any CPU
		{2238E5E2-8C26-4118-96B8-CE6889248B45}.AppStore|x86.Build.0 = Debug|Any CPU
		{2238E5E2-8C26-4118-96B8-CE6889248B45}.Debug|Any CPU.ActiveCfg = Debug|Any CPU
		{2238E5E2-8C26-4118-96B8-CE6889248B45}.Debug|Any CPU.Build.0 = Debug|Any CPU
		{2238E5E2-8C26-4118-96B8-CE6889248B45}.Debug|ARM.ActiveCfg = Debug|Any CPU
		{2238E5E2-8C26-4118-96B8-CE6889248B45}.Debug|ARM.Build.0 = Debug|Any CPU
		{2238E5E2-8C26-4118-96B8-CE6889248B45}.Debug|iPhone.ActiveCfg = Debug|Any CPU
		{2238E5E2-8C26-4118-96B8-CE6889248B45}.Debug|iPhone.Build.0 = Debug|Any CPU
		{2238E5E2-8C26-4118-96B8-CE6889248B45}.Debug|iPhoneSimulator.ActiveCfg = Debug|Any CPU
		{2238E5E2-8C26-4118-96B8-CE6889248B45}.Debug|iPhoneSimulator.Build.0 = Debug|Any CPU
		{2238E5E2-8C26-4118-96B8-CE6889248B45}.Debug|x64.ActiveCfg = Debug|Any CPU
		{2238E5E2-8C26-4118-96B8-CE6889248B45}.Debug|x64.Build.0 = Debug|Any CPU
		{2238E5E2-8C26-4118-96B8-CE6889248B45}.Debug|x86.ActiveCfg = Debug|Any CPU
		{2238E5E2-8C26-4118-96B8-CE6889248B45}.Debug|x86.Build.0 = Debug|Any CPU
		{2238E5E2-8C26-4118-96B8-CE6889248B45}.Release|Any CPU.ActiveCfg = Release|Any CPU
		{2238E5E2-8C26-4118-96B8-CE6889248B45}.Release|Any CPU.Build.0 = Release|Any CPU
		{2238E5E2-8C26-4118-96B8-CE6889248B45}.Release|ARM.ActiveCfg = Release|Any CPU
		{2238E5E2-8C26-4118-96B8-CE6889248B45}.Release|ARM.Build.0 = Release|Any CPU
		{2238E5E2-8C26-4118-96B8-CE6889248B45}.Release|iPhone.ActiveCfg = Release|Any CPU
		{2238E5E2-8C26-4118-96B8-CE6889248B45}.Release|iPhone.Build.0 = Release|Any CPU
		{2238E5E2-8C26-4118-96B8-CE6889248B45}.Release|iPhoneSimulator.ActiveCfg = Release|Any CPU
		{2238E5E2-8C26-4118-96B8-CE6889248B45}.Release|iPhoneSimulator.Build.0 = Release|Any CPU
		{2238E5E2-8C26-4118-96B8-CE6889248B45}.Release|x64.ActiveCfg = Release|Any CPU
		{2238E5E2-8C26-4118-96B8-CE6889248B45}.Release|x64.Build.0 = Release|Any CPU
		{2238E5E2-8C26-4118-96B8-CE6889248B45}.Release|x86.ActiveCfg = Release|Any CPU
		{2238E5E2-8C26-4118-96B8-CE6889248B45}.Release|x86.Build.0 = Release|Any CPU
	EndGlobalSection
	GlobalSection(SolutionProperties) = preSolution
		HideSolutionNode = FALSE
	EndGlobalSection
	GlobalSection(ExtensibilityGlobals) = postSolution
		SolutionGuid = {4886649A-5DF9-4AE6-BBB1-18B32AAB0D89}
	EndGlobalSection
EndGlobal
